
Microsoft Visual Studio Solution File, Format Version 12.00
# Visual Studio Version 17
VisualStudioVersion = 17.13.35828.75 d17.13
MinimumVisualStudioVersion = 10.0.40219.1
Project("{FAE04EC0-301F-11D3-BF4B-00C04F79EFBC}") = "TwoSum", "TwoSum\TwoSum.csproj", "{34C81CED-0C09-4F19-8C0C-7476451F17D1}"
EndProject
Global
	GlobalSection(SolutionConfigurationPlatforms) = preSolution
		Debug|Any CPU = Debug|Any CPU
		Release|Any CPU = Release|Any CPU
	EndGlobalSection
	GlobalSection(ProjectConfigurationPlatforms) = postSolution
		{34C81CED-0C09-4F19-8C0C-7476451F17D1}.Debug|Any CPU.ActiveCfg = Debug|Any CPU
		{34C81CED-0C09-4F19-8C0C-7476451F17D1}.Debug|Any CPU.Build.0 = Debug|Any CPU
		{34C81CED-0C09-4F19-8C0C-7476451F17D1}.Release|Any CPU.ActiveCfg = Release|Any CPU
		{34C81CED-0C09-4F19-8C0C-7476451F17D1}.Release|Any CPU.Build.0 = Release|Any CPU
	EndGlobalSection
	GlobalSection(SolutionProperties) = preSolution
		HideSolutionNode = FALSE
	EndGlobalSection
	GlobalSection(ExtensibilityGlobals) = postSolution
		SolutionGuid = {C461947A-3BD9-4305-9490-EFFFD2AA7313}
	EndGlobalSection
EndGlobal
