
Microsoft Visual Studio Solution File, Format Version 12.00
# Visual Studio Version 17
VisualStudioVersion = 17.13.35828.75 d17.13
MinimumVisualStudioVersion = 10.0.40219.1
Project("{FAE04EC0-301F-11D3-BF4B-00C04F79EFBC}") = "PalindromeNumber", "PalindromeNumber\PalindromeNumber.csproj", "{396D3E41-7E5C-4C54-87CC-3FFE10CA38E3}"
EndProject
Global
	GlobalSection(SolutionConfigurationPlatforms) = preSolution
		Debug|Any CPU = Debug|Any CPU
		Release|Any CPU = Release|Any CPU
	EndGlobalSection
	GlobalSection(ProjectConfigurationPlatforms) = postSolution
		{396D3E41-7E5C-4C54-87CC-3FFE10CA38E3}.Debug|Any CPU.ActiveCfg = Debug|Any CPU
		{396D3E41-7E5C-4C54-87CC-3FFE10CA38E3}.Debug|Any CPU.Build.0 = Debug|Any CPU
		{396D3E41-7E5C-4C54-87CC-3FFE10CA38E3}.Release|Any CPU.ActiveCfg = Release|Any CPU
		{396D3E41-7E5C-4C54-87CC-3FFE10CA38E3}.Release|Any CPU.Build.0 = Release|Any CPU
	EndGlobalSection
	GlobalSection(SolutionProperties) = preSolution
		HideSolutionNode = FALSE
	EndGlobalSection
	GlobalSection(ExtensibilityGlobals) = postSolution
		SolutionGuid = {4E079681-61A3-42AB-BABE-1A9F2878A61A}
	EndGlobalSection
EndGlobal
