
Microsoft Visual Studio Solution File, Format Version 12.00
# Visual Studio Version 17
VisualStudioVersion = 17.13.35828.75 d17.13
MinimumVisualStudioVersion = 10.0.40219.1
Project("{FAE04EC0-301F-11D3-BF4B-00C04F79EFBC}") = "Solution", "Solution\Solution.csproj", "{F020D761-BA1D-4D5C-9487-5FB52813C923}"
EndProject
Global
	GlobalSection(SolutionConfigurationPlatforms) = preSolution
		Debug|Any CPU = Debug|Any CPU
		Release|Any CPU = Release|Any CPU
	EndGlobalSection
	GlobalSection(ProjectConfigurationPlatforms) = postSolution
		{F020D761-BA1D-4D5C-9487-5FB52813C923}.Debug|Any CPU.ActiveCfg = Debug|Any CPU
		{F020D761-BA1D-4D5C-9487-5FB52813C923}.Debug|Any CPU.Build.0 = Debug|Any CPU
		{F020D761-BA1D-4D5C-9487-5FB52813C923}.Release|Any CPU.ActiveCfg = Release|Any CPU
		{F020D761-BA1D-4D5C-9487-5FB52813C923}.Release|Any CPU.Build.0 = Release|Any CPU
	EndGlobalSection
	GlobalSection(SolutionProperties) = preSolution
		HideSolutionNode = FALSE
	EndGlobalSection
	GlobalSection(ExtensibilityGlobals) = postSolution
		SolutionGuid = {51F673FA-914F-48EB-9B06-D705CCD9DC2C}
	EndGlobalSection
EndGlobal
