
Microsoft Visual Studio Solution File, Format Version 12.00
# Visual Studio Version 17
VisualStudioVersion = 17.13.35828.75 d17.13
MinimumVisualStudioVersion = 10.0.40219.1
Project("{FAE04EC0-301F-11D3-BF4B-00C04F79EFBC}") = "Solution", "Solution\Solution.csproj", "{DD972A76-1F84-4316-9757-63338D12B623}"
EndProject
Global
	GlobalSection(SolutionConfigurationPlatforms) = preSolution
		Debug|Any CPU = Debug|Any CPU
		Release|Any CPU = Release|Any CPU
	EndGlobalSection
	GlobalSection(ProjectConfigurationPlatforms) = postSolution
		{DD972A76-1F84-4316-9757-63338D12B623}.Debug|Any CPU.ActiveCfg = Debug|Any CPU
		{DD972A76-1F84-4316-9757-63338D12B623}.Debug|Any CPU.Build.0 = Debug|Any CPU
		{DD972A76-1F84-4316-9757-63338D12B623}.Release|Any CPU.ActiveCfg = Release|Any CPU
		{DD972A76-1F84-4316-9757-63338D12B623}.Release|Any CPU.Build.0 = Release|Any CPU
	EndGlobalSection
	GlobalSection(SolutionProperties) = preSolution
		HideSolutionNode = FALSE
	EndGlobalSection
	GlobalSection(ExtensibilityGlobals) = postSolution
		SolutionGuid = {B38CDE89-4755-4FA5-9B52-29D1B3226CFB}
	EndGlobalSection
EndGlobal
