
Microsoft Visual Studio Solution File, Format Version 12.00
# Visual Studio Version 17
VisualStudioVersion = 17.13.35828.75 d17.13
MinimumVisualStudioVersion = 10.0.40219.1
Project("{FAE04EC0-301F-11D3-BF4B-00C04F79EFBC}") = "Solution", "Solution\Solution.csproj", "{EB69F4B1-99EF-4621-9B07-769209244C2A}"
EndProject
Global
	GlobalSection(SolutionConfigurationPlatforms) = preSolution
		Debug|Any CPU = Debug|Any CPU
		Release|Any CPU = Release|Any CPU
	EndGlobalSection
	GlobalSection(ProjectConfigurationPlatforms) = postSolution
		{EB69F4B1-99EF-4621-9B07-769209244C2A}.Debug|Any CPU.ActiveCfg = Debug|Any CPU
		{EB69F4B1-99EF-4621-9B07-769209244C2A}.Debug|Any CPU.Build.0 = Debug|Any CPU
		{EB69F4B1-99EF-4621-9B07-769209244C2A}.Release|Any CPU.ActiveCfg = Release|Any CPU
		{EB69F4B1-99EF-4621-9B07-769209244C2A}.Release|Any CPU.Build.0 = Release|Any CPU
	EndGlobalSection
	GlobalSection(SolutionProperties) = preSolution
		HideSolutionNode = FALSE
	EndGlobalSection
	GlobalSection(ExtensibilityGlobals) = postSolution
		SolutionGuid = {052CE233-FBA9-4E99-95FA-9CF7ACE2CA59}
	EndGlobalSection
EndGlobal
